{
  "name": "rollup-plugin-jsy",
  "version": "1.9.2",
  "lockfileVersion": 3,
  "requires": true,
  "packages": {
    "": {
      "name": "rollup-plugin-jsy",
      "version": "1.9.2",
      "license": "MIT",
      "devDependencies": {
        "rollup": "^3.29.4"
      },
      "peerDependencies": {
        "@jsy-lang/jsy": "^0.10.6"
      }
    },
    "../jsy-transpile": {
      "name": "@jsy-lang/jsy",
      "version": "0.10.3",
      "extraneous": true,
      "license": "BSD-2-Clause",
      "workspaces": [
        "test/"
      ],
      "bin": {
        "jsy": "transpile.mjs",
        "jsy-scan": "scan.mjs",
        "jsy-transpile": "transpile.mjs"
      },
      "devDependencies": {
        "@rollup/plugin-commonjs": "^25.0.2",
        "@rollup/plugin-node-resolve": "^15.1.0",
        "@rollup/plugin-terser": "^0.4.3",
        "@rollup/plugin-virtual": "^3.0.1",
        "@rollup/pluginutils": "^5.0.2",
        "micromatch": "^4.0.5",
        "rollup": "^3.26.2",
        "rollup-plugin-dgnotify": "^0.1.8",
        "source-map": "^0.7.4",
        "tiny-source-map": "^0.8.0"
      }
    },
    "../jsy-transpile/test": {
      "extraneous": true,
      "dependencies": {
        "jsy-transpile": "file:.."
      },
      "devDependencies": {
        "@rollup/plugin-commonjs": "^24.0.1",
        "@rollup/plugin-node-resolve": "^15.0.1",
        "acorn": "^8.8.2",
        "chai": "^4.3.7",
        "mocha": "^10.2.0",
        "rollup": "^2.79.1"
      }
    },
    "node_modules/@jsy-lang/jsy": {
      "version": "0.10.6",
      "resolved": "https://registry.npmjs.org/@jsy-lang/jsy/-/jsy-0.10.6.tgz",
      "integrity": "sha512-FXB5ToQH9wIrXxyknHTD7o6pkBLkXNO7hqnJDMa9gLbrxY3TptLpMio0MD+yhCFyu2WvEdOs3BOPTuvxWzch3w==",
      "peer": true,
      "bin": {
        "jsy": "transpile.mjs",
        "jsy-scan": "scan.mjs",
        "jsy-transpile": "transpile.mjs"
      }
    },
    "node_modules/fsevents": {
      "version": "2.3.2",
      "resolved": "https://registry.npmjs.org/fsevents/-/fsevents-2.3.2.tgz",
      "integrity": "sha512-xiqMQR4xAeHTuB9uWm+fFRcIOgKBMiOBP+eXiyT7jsgVCq1bkVygt00oASowB7EdtpOHaaPgKt812P9ab+DDKA==",
      "dev": true,
      "hasInstallScript": true,
      "optional": true,
      "os": [
        "darwin"
      ],
      "engines": {
        "node": "^8.16.0 || ^10.6.0 || >=11.0.0"
      }
    },
    "node_modules/rollup": {
      "version": "3.29.5",
      "resolved": "https://registry.npmjs.org/rollup/-/rollup-3.29.5.tgz",
      "integrity": "sha512-GVsDdsbJzzy4S/v3dqWPJ7EfvZJfCHiDqe80IyrF59LYuP+e6U1LJoUqeuqRbwAWoMNoXivMNeNAOf5E22VA1w==",
      "dev": true,
      "bin": {
        "rollup": "dist/bin/rollup"
      },
      "engines": {
        "node": ">=14.18.0",
        "npm": ">=8.0.0"
      },
      "optionalDependencies": {
        "fsevents": "~2.3.2"
      }
    }
  }
}
