{
  "name": "rollup-plugin-jsy",
  "version": "1.9.3",
  "lockfileVersion": 3,
  "requires": true,
  "packages": {
    "": {
      "name": "rollup-plugin-jsy",
      "version": "1.9.3",
      "license": "MIT",
      "devDependencies": {
        "rollup": "^3.29.5"
      },
      "peerDependencies": {
        "@jsy-lang/jsy": "^0.10.8"
      }
    },
    "node_modules/@jsy-lang/jsy": {
      "version": "0.10.8",
      "resolved": "https://registry.npmjs.org/@jsy-lang/jsy/-/jsy-0.10.8.tgz",
      "integrity": "sha512-FVokeUgTCeficwVSMbJR82dbXO0555d7JPnt9IkoalUka6o8gzTtZ7oibRoWHfcZfm8W5QCc5ybqjEA7V5I3FQ==",
      "license": "BSD-2-Clause",
      "peer": true,
      "workspaces": [
        "test/"
      ],
      "bin": {
        "jsy": "transpile.mjs",
        "jsy-scan": "scan.mjs",
        "jsy-transpile": "transpile.mjs"
      }
    },
    "node_modules/fsevents": {
      "version": "2.3.3",
      "resolved": "https://registry.npmjs.org/fsevents/-/fsevents-2.3.3.tgz",
      "integrity": "sha512-5xoDfX+fL7faATnagmWPpbFtwh/R77WmMMqqHGS65C3vvB0YHrgF+B1YmZ3441tMj5n63k0212XNoJwzlhffQw==",
      "dev": true,
      "hasInstallScript": true,
      "license": "MIT",
      "optional": true,
      "os": [
        "darwin"
      ],
      "engines": {
        "node": "^8.16.0 || ^10.6.0 || >=11.0.0"
      }
    },
    "node_modules/rollup": {
      "version": "3.29.5",
      "resolved": "https://registry.npmjs.org/rollup/-/rollup-3.29.5.tgz",
      "integrity": "sha512-GVsDdsbJzzy4S/v3dqWPJ7EfvZJfCHiDqe80IyrF59LYuP+e6U1LJoUqeuqRbwAWoMNoXivMNeNAOf5E22VA1w==",
      "dev": true,
      "license": "MIT",
      "bin": {
        "rollup": "dist/bin/rollup"
      },
      "engines": {
        "node": ">=14.18.0",
        "npm": ">=8.0.0"
      },
      "optionalDependencies": {
        "fsevents": "~2.3.2"
      }
    }
  }
}
